
Microsoft Visual Studio Solution File, Format Version 12.00
# Visual Studio Version 17
VisualStudioVersion = 17.6.33815.320
MinimumVisualStudioVersion = 10.0.40219.1
Project("{FAE04EC0-301F-11D3-BF4B-00C04F79EFBC}") = "AuthenticationJWT", "AuthenticationJWT\AuthenticationJWT.csproj", "{1253EADB-B76B-49CC-880D-A068AFBF4CD5}"
EndProject
Global
	GlobalSection(SolutionConfigurationPlatforms) = preSolution
		Debug|Any CPU = Debug|Any CPU
		Release|Any CPU = Release|Any CPU
	EndGlobalSection
	GlobalSection(ProjectConfigurationPlatforms) = postSolution
		{1253EADB-B76B-49CC-880D-A068AFBF4CD5}.Debug|Any CPU.ActiveCfg = Debug|Any CPU
		{1253EADB-B76B-49CC-880D-A068AFBF4CD5}.Debug|Any CPU.Build.0 = Debug|Any CPU
		{1253EADB-B76B-49CC-880D-A068AFBF4CD5}.Release|Any CPU.ActiveCfg = Release|Any CPU
		{1253EADB-B76B-49CC-880D-A068AFBF4CD5}.Release|Any CPU.Build.0 = Release|Any CPU
	EndGlobalSection
	GlobalSection(SolutionProperties) = preSolution
		HideSolutionNode = FALSE
	EndGlobalSection
	GlobalSection(ExtensibilityGlobals) = postSolution
		SolutionGuid = {36F1FD60-D106-404D-AAA4-D7F19340D3E1}
	EndGlobalSection
EndGlobal
