
Microsoft Visual Studio Solution File, Format Version 12.00
# Visual Studio Version 17
VisualStudioVersion = 17.6.33815.320
MinimumVisualStudioVersion = 10.0.40219.1
Project("{FAE04EC0-301F-11D3-BF4B-00C04F79EFBC}") = "UploadFileAPI", "UploadFileAPI\UploadFileAPI.csproj", "{1F134EA8-32FB-4758-BB70-93D799FF9082}"
EndProject
Global
	GlobalSection(SolutionConfigurationPlatforms) = preSolution
		Debug|Any CPU = Debug|Any CPU
		Release|Any CPU = Release|Any CPU
	EndGlobalSection
	GlobalSection(ProjectConfigurationPlatforms) = postSolution
		{1F134EA8-32FB-4758-BB70-93D799FF9082}.Debug|Any CPU.ActiveCfg = Debug|Any CPU
		{1F134EA8-32FB-4758-BB70-93D799FF9082}.Debug|Any CPU.Build.0 = Debug|Any CPU
		{1F134EA8-32FB-4758-BB70-93D799FF9082}.Release|Any CPU.ActiveCfg = Release|Any CPU
		{1F134EA8-32FB-4758-BB70-93D799FF9082}.Release|Any CPU.Build.0 = Release|Any CPU
	EndGlobalSection
	GlobalSection(SolutionProperties) = preSolution
		HideSolutionNode = FALSE
	EndGlobalSection
	GlobalSection(ExtensibilityGlobals) = postSolution
		SolutionGuid = {8C12E37F-A131-4F86-9E13-1B89F2756F9B}
	EndGlobalSection
EndGlobal
